
Microsoft Visual Studio Solution File, Format Version 12.00
# Visual Studio Version 17
VisualStudioVersion = 17.5.33424.131
MinimumVisualStudioVersion = 10.0.40219.1
Project("{9A19103F-16F7-4668-BE54-9A1E7A4F7556}") = "DotNetWebApp", "DotNetWebApp\DotNetWebApp.csproj", "{8F5FE4E9-0DDC-457E-B08C-6AFFF6345193}"
EndProject
Project("{FAE04EC0-301F-11D3-BF4B-00C04F79EFBC}") = "TestProject1", "TestProject1\TestProject1.csproj", "{599AAD5B-CA57-49A1-AE94-2B01B7528AAD}"
EndProject
Global
	GlobalSection(SolutionConfigurationPlatforms) = preSolution
		Debug|Any CPU = Debug|Any CPU
		Release|Any CPU = Release|Any CPU
	EndGlobalSection
	GlobalSection(ProjectConfigurationPlatforms) = postSolution
		{8F5FE4E9-0DDC-457E-B08C-6AFFF6345193}.Debug|Any CPU.ActiveCfg = Debug|Any CPU
		{8F5FE4E9-0DDC-457E-B08C-6AFFF6345193}.Debug|Any CPU.Build.0 = Debug|Any CPU
		{8F5FE4E9-0DDC-457E-B08C-6AFFF6345193}.Release|Any CPU.ActiveCfg = Release|Any CPU
		{8F5FE4E9-0DDC-457E-B08C-6AFFF6345193}.Release|Any CPU.Build.0 = Release|Any CPU
		{599AAD5B-CA57-49A1-AE94-2B01B7528AAD}.Debug|Any CPU.ActiveCfg = Debug|Any CPU
		{599AAD5B-CA57-49A1-AE94-2B01B7528AAD}.Debug|Any CPU.Build.0 = Debug|Any CPU
		{599AAD5B-CA57-49A1-AE94-2B01B7528AAD}.Release|Any CPU.ActiveCfg = Release|Any CPU
		{599AAD5B-CA57-49A1-AE94-2B01B7528AAD}.Release|Any CPU.Build.0 = Release|Any CPU
	EndGlobalSection
	GlobalSection(SolutionProperties) = preSolution
		HideSolutionNode = FALSE
	EndGlobalSection
	GlobalSection(ExtensibilityGlobals) = postSolution
		SolutionGuid = {7604502F-A3A9-419D-8BBF-60CCDB9CA28F}
	EndGlobalSection
EndGlobal
